
Microsoft Visual Studio Solution File, Format Version 12.00
# Visual Studio Version 16
VisualStudioVersion = 16.0.30503.244
MinimumVisualStudioVersion = 10.0.40219.1
Project("{9A19103F-16F7-4668-BE54-9A1E7A4F7556}") = "RazorPagesTutorial", "RazorPagesTutorial\RazorPagesTutorial.csproj", "{98061443-3A52-4BD1-AA24-78BC9886FC4B}"
EndProject
Project("{FAE04EC0-301F-11D3-BF4B-00C04F79EFBC}") = "RazorPagesTutorial.Models", "RazorPagesTutorial.Models\RazorPagesTutorial.Models.csproj", "{73E03451-764E-4879-A8E6-C57F8EEAE39D}"
EndProject
Project("{FAE04EC0-301F-11D3-BF4B-00C04F79EFBC}") = "RazorPagesTutorial.Services", "RazorPagesTutorial.Services\RazorPagesTutorial.Services.csproj", "{0B938981-4035-431F-858D-87A6B19299E1}"
EndProject
Global
	GlobalSection(SolutionConfigurationPlatforms) = preSolution
		Debug|Any CPU = Debug|Any CPU
		Release|Any CPU = Release|Any CPU
	EndGlobalSection
	GlobalSection(ProjectConfigurationPlatforms) = postSolution
		{98061443-3A52-4BD1-AA24-78BC9886FC4B}.Debug|Any CPU.ActiveCfg = Debug|Any CPU
		{98061443-3A52-4BD1-AA24-78BC9886FC4B}.Debug|Any CPU.Build.0 = Debug|Any CPU
		{98061443-3A52-4BD1-AA24-78BC9886FC4B}.Release|Any CPU.ActiveCfg = Release|Any CPU
		{98061443-3A52-4BD1-AA24-78BC9886FC4B}.Release|Any CPU.Build.0 = Release|Any CPU
		{73E03451-764E-4879-A8E6-C57F8EEAE39D}.Debug|Any CPU.ActiveCfg = Debug|Any CPU
		{73E03451-764E-4879-A8E6-C57F8EEAE39D}.Debug|Any CPU.Build.0 = Debug|Any CPU
		{73E03451-764E-4879-A8E6-C57F8EEAE39D}.Release|Any CPU.ActiveCfg = Release|Any CPU
		{73E03451-764E-4879-A8E6-C57F8EEAE39D}.Release|Any CPU.Build.0 = Release|Any CPU
		{0B938981-4035-431F-858D-87A6B19299E1}.Debug|Any CPU.ActiveCfg = Debug|Any CPU
		{0B938981-4035-431F-858D-87A6B19299E1}.Debug|Any CPU.Build.0 = Debug|Any CPU
		{0B938981-4035-431F-858D-87A6B19299E1}.Release|Any CPU.ActiveCfg = Release|Any CPU
		{0B938981-4035-431F-858D-87A6B19299E1}.Release|Any CPU.Build.0 = Release|Any CPU
	EndGlobalSection
	GlobalSection(SolutionProperties) = preSolution
		HideSolutionNode = FALSE
	EndGlobalSection
	GlobalSection(ExtensibilityGlobals) = postSolution
		SolutionGuid = {57157E7B-051C-43F2-84BE-45029F3CF562}
	EndGlobalSection
EndGlobal
